
Microsoft Visual Studio Solution File, Format Version 12.00
# Visual Studio Version 17
VisualStudioVersion = 17.10.35027.167
MinimumVisualStudioVersion = 10.0.40219.1
Project("{FAE04EC0-301F-11D3-BF4B-00C04F79EFBC}") = "Tst", "Tst\Tst.csproj", "{ABA89DC9-0ED7-424A-B8FD-DE0C81E56D83}"
EndProject
Global
	GlobalSection(SolutionConfigurationPlatforms) = preSolution
		Debug|Any CPU = Debug|Any CPU
		Release|Any CPU = Release|Any CPU
	EndGlobalSection
	GlobalSection(ProjectConfigurationPlatforms) = postSolution
		{ABA89DC9-0ED7-424A-B8FD-DE0C81E56D83}.Debug|Any CPU.ActiveCfg = Debug|Any CPU
		{ABA89DC9-0ED7-424A-B8FD-DE0C81E56D83}.Debug|Any CPU.Build.0 = Debug|Any CPU
		{ABA89DC9-0ED7-424A-B8FD-DE0C81E56D83}.Release|Any CPU.ActiveCfg = Release|Any CPU
		{ABA89DC9-0ED7-424A-B8FD-DE0C81E56D83}.Release|Any CPU.Build.0 = Release|Any CPU
	EndGlobalSection
	GlobalSection(SolutionProperties) = preSolution
		HideSolutionNode = FALSE
	EndGlobalSection
	GlobalSection(ExtensibilityGlobals) = postSolution
		SolutionGuid = {A243C364-98E2-4229-838C-2D3A595F61A0}
	EndGlobalSection
EndGlobal
